
Microsoft Visual Studio Solution File, Format Version 12.00
# Visual Studio 15
VisualStudioVersion = 15.0.27004.2006
MinimumVisualStudioVersion = 10.0.40219.1
Project("{9A19103F-16F7-4668-BE54-9A1E7A4F7556}") = "P01_HospitalDatabase", "P01_HospitalDatabase\P01_HospitalDatabase.csproj", "{C47203B8-9149-4364-A3C8-11697DE3D905}"
EndProject
Project("{FAE04EC0-301F-11D3-BF4B-00C04F79EFBC}") = "P03_SalesDatabase", "P03_SalesDatabase\P03_SalesDatabase.csproj", "{87F49BE2-A9E8-4BF7-AD07-FB972E2995B7}"
EndProject
Global
	GlobalSection(SolutionConfigurationPlatforms) = preSolution
		Debug|Any CPU = Debug|Any CPU
		Release|Any CPU = Release|Any CPU
	EndGlobalSection
	GlobalSection(ProjectConfigurationPlatforms) = postSolution
		{C47203B8-9149-4364-A3C8-11697DE3D905}.Debug|Any CPU.ActiveCfg = Debug|Any CPU
		{C47203B8-9149-4364-A3C8-11697DE3D905}.Debug|Any CPU.Build.0 = Debug|Any CPU
		{C47203B8-9149-4364-A3C8-11697DE3D905}.Release|Any CPU.ActiveCfg = Release|Any CPU
		{C47203B8-9149-4364-A3C8-11697DE3D905}.Release|Any CPU.Build.0 = Release|Any CPU
		{87F49BE2-A9E8-4BF7-AD07-FB972E2995B7}.Debug|Any CPU.ActiveCfg = Debug|Any CPU
		{87F49BE2-A9E8-4BF7-AD07-FB972E2995B7}.Debug|Any CPU.Build.0 = Debug|Any CPU
		{87F49BE2-A9E8-4BF7-AD07-FB972E2995B7}.Release|Any CPU.ActiveCfg = Release|Any CPU
		{87F49BE2-A9E8-4BF7-AD07-FB972E2995B7}.Release|Any CPU.Build.0 = Release|Any CPU
	EndGlobalSection
	GlobalSection(SolutionProperties) = preSolution
		HideSolutionNode = FALSE
	EndGlobalSection
	GlobalSection(ExtensibilityGlobals) = postSolution
		SolutionGuid = {C0E6D920-1B8C-4BDE-A66D-22D25E6F8C8D}
	EndGlobalSection
EndGlobal
