
Microsoft Visual Studio Solution File, Format Version 12.00
# Visual Studio 15
VisualStudioVersion = 15.0.27004.2009
MinimumVisualStudioVersion = 10.0.40219.1
Project("{9A19103F-16F7-4668-BE54-9A1E7A4F7556}") = "P01_ProductsShop.App", "P01_ProductsShop.App\P01_ProductsShop.App.csproj", "{7959705D-91F6-404F-91CB-A38D20568D32}"
EndProject
Project("{FAE04EC0-301F-11D3-BF4B-00C04F79EFBC}") = "P01_ProductsShop.Data", "P01_ProductsShop.Data\P01_ProductsShop.Data.csproj", "{BFF8F8FB-FAB0-4F2C-A312-9F401BBF9BF6}"
EndProject
Project("{FAE04EC0-301F-11D3-BF4B-00C04F79EFBC}") = "P01_ProductsShop.Models", "P01_ProductsShop.Models\P01_ProductsShop.Models.csproj", "{71281AB5-6EC1-4489-ADAE-9C385A0A414E}"
EndProject
Global
	GlobalSection(SolutionConfigurationPlatforms) = preSolution
		Debug|Any CPU = Debug|Any CPU
		Release|Any CPU = Release|Any CPU
	EndGlobalSection
	GlobalSection(ProjectConfigurationPlatforms) = postSolution
		{7959705D-91F6-404F-91CB-A38D20568D32}.Debug|Any CPU.ActiveCfg = Debug|Any CPU
		{7959705D-91F6-404F-91CB-A38D20568D32}.Debug|Any CPU.Build.0 = Debug|Any CPU
		{7959705D-91F6-404F-91CB-A38D20568D32}.Release|Any CPU.ActiveCfg = Release|Any CPU
		{7959705D-91F6-404F-91CB-A38D20568D32}.Release|Any CPU.Build.0 = Release|Any CPU
		{BFF8F8FB-FAB0-4F2C-A312-9F401BBF9BF6}.Debug|Any CPU.ActiveCfg = Debug|Any CPU
		{BFF8F8FB-FAB0-4F2C-A312-9F401BBF9BF6}.Debug|Any CPU.Build.0 = Debug|Any CPU
		{BFF8F8FB-FAB0-4F2C-A312-9F401BBF9BF6}.Release|Any CPU.ActiveCfg = Release|Any CPU
		{BFF8F8FB-FAB0-4F2C-A312-9F401BBF9BF6}.Release|Any CPU.Build.0 = Release|Any CPU
		{71281AB5-6EC1-4489-ADAE-9C385A0A414E}.Debug|Any CPU.ActiveCfg = Debug|Any CPU
		{71281AB5-6EC1-4489-ADAE-9C385A0A414E}.Debug|Any CPU.Build.0 = Debug|Any CPU
		{71281AB5-6EC1-4489-ADAE-9C385A0A414E}.Release|Any CPU.ActiveCfg = Release|Any CPU
		{71281AB5-6EC1-4489-ADAE-9C385A0A414E}.Release|Any CPU.Build.0 = Release|Any CPU
	EndGlobalSection
	GlobalSection(SolutionProperties) = preSolution
		HideSolutionNode = FALSE
	EndGlobalSection
	GlobalSection(ExtensibilityGlobals) = postSolution
		SolutionGuid = {78DCB708-4BD0-44C3-8BF3-B3F6567911C0}
	EndGlobalSection
EndGlobal
