
Microsoft Visual Studio Solution File, Format Version 12.00
# Visual Studio 15
VisualStudioVersion = 15.0.27004.2006
MinimumVisualStudioVersion = 10.0.40219.1
Project("{FAE04EC0-301F-11D3-BF4B-00C04F79EFBC}") = "BookShop.StartUp", "BookShop.StartUp\BookShop.StartUp.csproj", "{EB2C87CA-BCAF-4EE9-A1C1-75F8CCA576E5}"
EndProject
Project("{FAE04EC0-301F-11D3-BF4B-00C04F79EFBC}") = "BookShop.Data", "BookShop.Data\BookShop.Data.csproj", "{C240F31A-4862-47DF-9127-7582E5D54894}"
EndProject
Project("{FAE04EC0-301F-11D3-BF4B-00C04F79EFBC}") = "BookShop.Models", "BookShop.Models\BookShop.Models.csproj", "{998A0E0D-6D78-4500-B94F-7448D88E86F6}"
EndProject
Project("{FAE04EC0-301F-11D3-BF4B-00C04F79EFBC}") = "BookShop.Initializer", "BookShop.Initializer\BookShop.Initializer.csproj", "{41BB3891-037E-46DE-BE6A-F3E4EF5FB420}"
EndProject
Global
	GlobalSection(SolutionConfigurationPlatforms) = preSolution
		Debug|Any CPU = Debug|Any CPU
		Release|Any CPU = Release|Any CPU
	EndGlobalSection
	GlobalSection(ProjectConfigurationPlatforms) = postSolution
		{EB2C87CA-BCAF-4EE9-A1C1-75F8CCA576E5}.Debug|Any CPU.ActiveCfg = Debug|Any CPU
		{EB2C87CA-BCAF-4EE9-A1C1-75F8CCA576E5}.Debug|Any CPU.Build.0 = Debug|Any CPU
		{EB2C87CA-BCAF-4EE9-A1C1-75F8CCA576E5}.Release|Any CPU.ActiveCfg = Release|Any CPU
		{EB2C87CA-BCAF-4EE9-A1C1-75F8CCA576E5}.Release|Any CPU.Build.0 = Release|Any CPU
		{C240F31A-4862-47DF-9127-7582E5D54894}.Debug|Any CPU.ActiveCfg = Debug|Any CPU
		{C240F31A-4862-47DF-9127-7582E5D54894}.Debug|Any CPU.Build.0 = Debug|Any CPU
		{C240F31A-4862-47DF-9127-7582E5D54894}.Release|Any CPU.ActiveCfg = Release|Any CPU
		{C240F31A-4862-47DF-9127-7582E5D54894}.Release|Any CPU.Build.0 = Release|Any CPU
		{998A0E0D-6D78-4500-B94F-7448D88E86F6}.Debug|Any CPU.ActiveCfg = Debug|Any CPU
		{998A0E0D-6D78-4500-B94F-7448D88E86F6}.Debug|Any CPU.Build.0 = Debug|Any CPU
		{998A0E0D-6D78-4500-B94F-7448D88E86F6}.Release|Any CPU.ActiveCfg = Release|Any CPU
		{998A0E0D-6D78-4500-B94F-7448D88E86F6}.Release|Any CPU.Build.0 = Release|Any CPU
		{41BB3891-037E-46DE-BE6A-F3E4EF5FB420}.Debug|Any CPU.ActiveCfg = Debug|Any CPU
		{41BB3891-037E-46DE-BE6A-F3E4EF5FB420}.Debug|Any CPU.Build.0 = Debug|Any CPU
		{41BB3891-037E-46DE-BE6A-F3E4EF5FB420}.Release|Any CPU.ActiveCfg = Release|Any CPU
		{41BB3891-037E-46DE-BE6A-F3E4EF5FB420}.Release|Any CPU.Build.0 = Release|Any CPU
	EndGlobalSection
	GlobalSection(SolutionProperties) = preSolution
		HideSolutionNode = FALSE
	EndGlobalSection
	GlobalSection(ExtensibilityGlobals) = postSolution
		SolutionGuid = {E0DB73FE-E5B5-4B8B-99DE-27CD610F641F}
	EndGlobalSection
EndGlobal
