
Microsoft Visual Studio Solution File, Format Version 12.00
# Visual Studio 15
VisualStudioVersion = 15.0.27004.2005
MinimumVisualStudioVersion = 10.0.40219.1
Project("{FAE04EC0-301F-11D3-BF4B-00C04F79EFBC}") = "01. Person", "01. Person\01. Person.csproj", "{CFA7AA20-7053-49C1-846A-B7A1EEC33E11}"
EndProject
Project("{FAE04EC0-301F-11D3-BF4B-00C04F79EFBC}") = "02. Book Shop", "02. Book Shop\02. Book Shop.csproj", "{31085967-B4E8-4D9B-8ACD-5633FCAC624F}"
EndProject
Project("{FAE04EC0-301F-11D3-BF4B-00C04F79EFBC}") = "03. Mankind", "03. Mankind\03. Mankind.csproj", "{1E2A840E-3FA9-4808-B388-BEFD2AD10AF0}"
EndProject
Global
	GlobalSection(SolutionConfigurationPlatforms) = preSolution
		Debug|Any CPU = Debug|Any CPU
		Release|Any CPU = Release|Any CPU
	EndGlobalSection
	GlobalSection(ProjectConfigurationPlatforms) = postSolution
		{CFA7AA20-7053-49C1-846A-B7A1EEC33E11}.Debug|Any CPU.ActiveCfg = Debug|Any CPU
		{CFA7AA20-7053-49C1-846A-B7A1EEC33E11}.Debug|Any CPU.Build.0 = Debug|Any CPU
		{CFA7AA20-7053-49C1-846A-B7A1EEC33E11}.Release|Any CPU.ActiveCfg = Release|Any CPU
		{CFA7AA20-7053-49C1-846A-B7A1EEC33E11}.Release|Any CPU.Build.0 = Release|Any CPU
		{31085967-B4E8-4D9B-8ACD-5633FCAC624F}.Debug|Any CPU.ActiveCfg = Debug|Any CPU
		{31085967-B4E8-4D9B-8ACD-5633FCAC624F}.Debug|Any CPU.Build.0 = Debug|Any CPU
		{31085967-B4E8-4D9B-8ACD-5633FCAC624F}.Release|Any CPU.ActiveCfg = Release|Any CPU
		{31085967-B4E8-4D9B-8ACD-5633FCAC624F}.Release|Any CPU.Build.0 = Release|Any CPU
		{1E2A840E-3FA9-4808-B388-BEFD2AD10AF0}.Debug|Any CPU.ActiveCfg = Debug|Any CPU
		{1E2A840E-3FA9-4808-B388-BEFD2AD10AF0}.Debug|Any CPU.Build.0 = Debug|Any CPU
		{1E2A840E-3FA9-4808-B388-BEFD2AD10AF0}.Release|Any CPU.ActiveCfg = Release|Any CPU
		{1E2A840E-3FA9-4808-B388-BEFD2AD10AF0}.Release|Any CPU.Build.0 = Release|Any CPU
	EndGlobalSection
	GlobalSection(SolutionProperties) = preSolution
		HideSolutionNode = FALSE
	EndGlobalSection
	GlobalSection(ExtensibilityGlobals) = postSolution
		SolutionGuid = {ACA28B50-183F-4F01-9033-18E2B23F3C47}
	EndGlobalSection
EndGlobal
